// !$*UTF8*$!
{
	archiveVersion = 1;
	classes = {
	};
	objectVersion = 48;
	objects = {

/* Begin PBXBuildFile section */
		ECFCCAD9208E9E1900FD9EA6 /* AppDelegate.swift in Sources */ = {isa = PBXBuildFile; fileRef = ECFCCAD8208E9E1900FD9EA6 /* AppDelegate.swift */; };
		ECFCCADB208E9E1900FD9EA6 /* ViewController.swift in Sources */ = {isa = PBXBuildFile; fileRef = ECFCCADA208E9E1900FD9EA6 /* ViewController.swift */; };
		ECFCCADE208E9E1900FD9EA6 /* Main.storyboard in Resources */ = {isa = PBXBuildFile; fileRef = ECFCCADC208E9E1900FD9EA6 /* Main.storyboard */; };
		ECFCCAE0208E9E1900FD9EA6 /* Assets.xcassets in Resources */ = {isa = PBXBuildFile; fileRef = ECFCCADF208E9E1900FD9EA6 /* Assets.xcassets */; };
		ECFCCAE3208E9E1900FD9EA6 /* LaunchScreen.storyboard in Resources */ = {isa = PBXBuildFile; fileRef = ECFCCAE1208E9E1900FD9EA6 /* LaunchScreen.storyboard */; };
/* End PBXBuildFile section */

/* Begin PBXFileReference section */
		ECFCCAD5208E9E1900FD9EA6 /* Location1.app */ = {isa = PBXFileReference; explicitFileType = wrapper.application; includeInIndex = 0; path = Location1.app; sourceTree = BUILT_PRODUCTS_DIR; };
		ECFCCAD8208E9E1900FD9EA6 /* AppDelegate.swift */ = {isa = PBXFileReference; lastKnownFileType = sourcecode.swift; path = AppDelegate.swift; sourceTree = "<group>"; };
		ECFCCADA208E9E1900FD9EA6 /* ViewController.swift */ = {isa = PBXFileReference; lastKnownFileType = sourcecode.swift; path = ViewController.swift; sourceTree = "<group>"; };
		ECFCCADD208E9E1900FD9EA6 /* Base */ = {isa = PBXFileReference; lastKnownFileType = file.storyboard; name = Base; path = Base.lproj/Main.storyboard; sourceTree = "<group>"; };
		ECFCCADF208E9E1900FD9EA6 /* Assets.xcassets */ = {isa = PBXFileReference; lastKnownFileType = folder.assetcatalog; path = Assets.xcassets; sourceTree = "<group>"; };
		ECFCCAE2208E9E1900FD9EA6 /* Base */ = {isa = PBXFileReference; lastKnownFileType = file.storyboard; name = Base; path = Base.lproj/LaunchScreen.storyboard; sourceTree = "<group>"; };
		ECFCCAE4208E9E1900FD9EA6 /* Info.plist */ = {isa = PBXFileReference; lastKnownFileType = text.plist.xml; path = Info.plist; sourceTree = "<group>"; };
/* End PBXFileReference section */

/* Begin PBXFrameworksBuildPhase section */
		ECFCCAD2208E9E1900FD9EA6 /* Frameworks */ = {
			isa = PBXFrameworksBuildPhase;
			buildActionMask = 2147483647;
			files = (
			);
			runOnlyForDeploymentPostprocessing = 0;
		};
/* End PBXFrameworksBuildPhase section */

/* Begin PBXGroup section */
		ECFCCACC208E9E1800FD9EA6 = {
			isa = PBXGroup;
			children = (
				ECFCCAD7208E9E1900FD9EA6 /* Location1 */,
				ECFCCAD6208E9E1900FD9EA6 /* Products */,
			);
			sourceTree = "<group>";
		};
		ECFCCAD6208E9E1900FD9EA6 /* Products */ = {
			isa = PBXGroup;
			children = (
				ECFCCAD5208E9E1900FD9EA6 /* Location1.app */,
			);
			name = Products;
			sourceTree = "<group>";
		};
		ECFCCAD7208E9E1900FD9EA6 /* Location1 */ = {
			isa = PBXGroup;
			children = (
				ECFCCAD8208E9E1900FD9EA6 /* AppDelegate.swift */,
				ECFCCADA208E9E1900FD9EA6 /* ViewController.swift */,
				ECFCCADC208E9E1900FD9EA6 /* Main.storyboard */,
				ECFCCADF208E9E1900FD9EA6 /* Assets.xcassets */,
				ECFCCAE1208E9E1900FD9EA6 /* LaunchScreen.storyboard */,
				ECFCCAE4208E9E1900FD9EA6 /* Info.plist */,
			);
			path = Location1;
			sourceTree = "<group>";
		};
/* End PBXGroup section */

/* Begin PBXNativeTarget section */
		ECFCCAD4208E9E1900FD9EA6 /* Location1 */ = {
			isa = PBXNativeTarget;
			buildConfigurationList = ECFCCAE7208E9E1900FD9EA6 /* Build configuration list for PBXNativeTarget "Location1" */;
			buildPhases = (
				ECFCCAD1208E9E1900FD9EA6 /* Sources */,
				ECFCCAD2208E9E1900FD9EA6 /* Frameworks */,
				ECFCCAD3208E9E1900FD9EA6 /* Resources */,
			);
			buildRules = (
			);
			dependencies = (
			);
			name = Location1;
			productName = Location1;
			productReference = ECFCCAD5208E9E1900FD9EA6 /* Location1.app */;
			productType = "com.apple.product-type.application";
		};
/* End PBXNativeTarget section */

/* Begin PBXProject section */
		ECFCCACD208E9E1800FD9EA6 /* Project object */ = {
			isa = PBXProject;
			attributes = {
				LastSwiftUpdateCheck = 0900;
				LastUpgradeCheck = 0900;
				ORGANIZATIONNAME = "Centennial College";
				TargetAttributes = {
					ECFCCAD4208E9E1900FD9EA6 = {
						CreatedOnToolsVersion = 9.0.1;
						ProvisioningStyle = Automatic;
					};
				};
			};
			buildConfigurationList = ECFCCAD0208E9E1800FD9EA6 /* Build configuration list for PBXProject "Location1" */;
			compatibilityVersion = "Xcode 8.0";
			developmentRegion = en;
			hasScannedForEncodings = 0;
			knownRegions = (
				en,
				Base,
			);
			mainGroup = ECFCCACC208E9E1800FD9EA6;
			productRefGroup = ECFCCAD6208E9E1900FD9EA6 /* Products */;
			projectDirPath = "";
			projectRoot = "";
			targets = (
				ECFCCAD4208E9E1900FD9EA6 /* Location1 */,
			);
		};
/* End PBXProject section */

/* Begin PBXResourcesBuildPhase section */
		ECFCCAD3208E9E1900FD9EA6 /* Resources */ = {
			isa = PBXResourcesBuildPhase;
			buildActionMask = 2147483647;
			files = (
				ECFCCAE3208E9E1900FD9EA6 /* LaunchScreen.storyboard in Resources */,
				ECFCCAE0208E9E1900FD9EA6 /* Assets.xcassets in Resources */,
				ECFCCADE208E9E1900FD9EA6 /* Main.storyboard in Resources */,
			);
			runOnlyForDeploymentPostprocessing = 0;
		};
/* End PBXResourcesBuildPhase section */

/* Begin PBXSourcesBuildPhase section */
		ECFCCAD1208E9E1900FD9EA6 /* Sources */ = {
			isa = PBXSourcesBuildPhase;
			buildActionMask = 2147483647;
			files = (
				ECFCCADB208E9E1900FD9EA6 /* ViewController.swift in Sources */,
				ECFCCAD9208E9E1900FD9EA6 /* AppDelegate.swift in Sources */,
			);
			runOnlyForDeploymentPostprocessing = 0;
		};
/* End PBXSourcesBuildPhase section */

/* Begin PBXVariantGroup section */
		ECFCCADC208E9E1900FD9EA6 /* Main.storyboard */ = {
			isa = PBXVariantGroup;
			children = (
				ECFCCADD208E9E1900FD9EA6 /* Base */,
			);
			name = Main.storyboard;
			sourceTree = "<group>";
		};
		ECFCCAE1208E9E1900FD9EA6 /* LaunchScreen.storyboard */ = {
			isa = PBXVariantGroup;
			children = (
				ECFCCAE2208E9E1900FD9EA6 /* Base */,
			);
			name = LaunchScreen.storyboard;
			sourceTree = "<group>";
		};
/* End PBXVariantGroup section */

/* Begin XCBuildConfiguration section */
		ECFCCAE5208E9E1900FD9EA6 /* Debug */ = {
			isa = XCBuildConfiguration;
			buildSettings = {
				ALWAYS_SEARCH_USER_PATHS = NO;
				CLANG_ANALYZER_NONNULL = YES;
				CLANG_ANALYZER_NUMBER_OBJECT_CONVERSION = YES_AGGRESSIVE;
				CLANG_CXX_LANGUAGE_STANDARD = "gnu++14";
				CLANG_CXX_LIBRARY = "libc++";
				CLANG_ENABLE_MODULES = YES;
				CLANG_ENABLE_OBJC_ARC = YES;
				CLANG_WARN_BLOCK_CAPTURE_AUTORELEASING = YES;
				CLANG_WARN_BOOL_CONVERSION = YES;
				CLANG_WARN_COMMA = YES;
				CLANG_WARN_CONSTANT_CONVERSION = YES;
				CLANG_WARN_DIRECT_OBJC_ISA_USAGE = YES_ERROR;
				CLANG_WARN_DOCUMENTATION_COMMENTS = YES;
				CLANG_WARN_EMPTY_BODY = YES;
				CLANG_WARN_ENUM_CONVERSION = YES;
				CLANG_WARN_INFINITE_RECURSION = YES;
				CLANG_WARN_INT_CONVERSION = YES;
				CLANG_WARN_NON_LITERAL_NULL_CONVERSION = YES;
				CLANG_WARN_OBJC_LITERAL_CONVERSION = YES;
				CLANG_WARN_OBJC_ROOT_CLASS = YES_ERROR;
				CLANG_WARN_RANGE_LOOP_ANALYSIS = YES;
				CLANG_WARN_STRICT_PROTOTYPES = YES;
				CLANG_WARN_SUSPICIOUS_MOVE = YES;
				CLANG_WARN_UNGUARDED_AVAILABILITY = YES_AGGRESSIVE;
				CLANG_WARN_UNREACHABLE_CODE = YES;
				CLANG_WARN__DUPLICATE_METHOD_MATCH = YES;
				CODE_SIGN_IDENTITY = "iPhone Developer";
				COPY_PHASE_STRIP = NO;
				DEBUG_INFORMATION_FORMAT = dwarf;
				ENABLE_STRICT_OBJC_MSGSEND = YES;
				ENABLE_TESTABILITY = YES;
				GCC_C_LANGUAGE_STANDARD = gnu11;
				GCC_DYNAMIC_NO_PIC = NO;
				GCC_NO_COMMON_BLOCKS = YES;
				GCC_OPTIMIZATION_LEVEL = 0;
				GCC_PREPROCESSOR_DEFINITIONS = (
					"DEBUG=1",
					"$(inherited)",
				);
				GCC_WARN_64_TO_32_BIT_CONVERSION = YES;
				GCC_WARN_ABOUT_RETURN_TYPE = YES_ERROR;
				GCC_WARN_UNDECLARED_SELECTOR = YES;
				GCC_WARN_UNINITIALIZED_AUTOS = YES_AGGRESSIVE;
				GCC_WARN_UNUSED_FUNCTION = YES;
				GCC_WARN_UNUSED_VARIABLE = YES;
				IPHONEOS_DEPLOYMENT_TARGET = 11.0;
				MTL_ENABLE_DEBUG_INFO = YES;
				ONLY_ACTIVE_ARCH = YES;
				SDKROOT = iphoneos;
				SWIFT_ACTIVE_COMPILATION_CONDITIONS = DEBUG;
				SWIFT_OPTIMIZATION_LEVEL = "-Onone";
			};
			name = Debug;
		};
		ECFCCAE6208E9E1900FD9EA6 /* Release */ = {
			isa = XCBuildConfiguration;
			buildSettings = {
				ALWAYS_SEARCH_USER_PATHS = NO;
				CLANG_ANALYZER_NONNULL = YES;
				CLANG_ANALYZER_NUMBER_OBJECT_CONVERSION = YES_AGGRESSIVE;
				CLANG_CXX_LANGUAGE_STANDARD = "gnu++14";
				CLANG_CXX_LIBRARY = "libc++";
				CLANG_ENABLE_MODULES = YES;
				CLANG_ENABLE_OBJC_ARC = YES;
				CLANG_WARN_BLOCK_CAPTURE_AUTORELEASING = YES;
				CLANG_WARN_BOOL_CONVERSION = YES;
				CLANG_WARN_COMMA = YES;
				CLANG_WARN_CONSTANT_CONVERSION = YES;
				CLANG_WARN_DIRECT_OBJC_ISA_USAGE = YES_ERROR;
				CLANG_WARN_DOCUMENTATION_COMMENTS = YES;
				CLANG_WARN_EMPTY_BODY = YES;
				CLANG_WARN_ENUM_CONVERSION = YES;
				CLANG_WARN_INFINITE_RECURSION = YES;
				CLANG_WARN_INT_CONVERSION = YES;
				CLANG_WARN_NON_LITERAL_NULL_CONVERSION = YES;
				CLANG_WARN_OBJC_LITERAL_CONVERSION = YES;
				CLANG_WARN_OBJC_ROOT_CLASS = YES_ERROR;
				CLANG_WARN_RANGE_LOOP_ANALYSIS = YES;
				CLANG_WARN_STRICT_PROTOTYPES = YES;
				CLANG_WARN_SUSPICIOUS_MOVE = YES;
				CLANG_WARN_UNGUARDED_AVAILABILITY = YES_AGGRESSIVE;
				CLANG_WARN_UNREACHABLE_CODE = YES;
				CLANG_WARN__DUPLICATE_METHOD_MATCH = YES;
				CODE_SIGN_IDENTITY = "iPhone Developer";
				COPY_PHASE_STRIP = NO;
				DEBUG_INFORMATION_FORMAT = "dwarf-with-dsym";
				ENABLE_NS_ASSERTIONS = NO;
				ENABLE_STRICT_OBJC_MSGSEND = YES;
				GCC_C_LANGUAGE_STANDARD = gnu11;
				GCC_NO_COMMON_BLOCKS = YES;
				GCC_WARN_64_TO_32_BIT_CONVERSION = YES;
				GCC_WARN_ABOUT_RETURN_TYPE = YES_ERROR;
				GCC_WARN_UNDECLARED_SELECTOR = YES;
				GCC_WARN_UNINITIALIZED_AUTOS = YES_AGGRESSIVE;
				GCC_WARN_UNUSED_FUNCTION = YES;
				GCC_WARN_UNUSED_VARIABLE = YES;
				IPHONEOS_DEPLOYMENT_TARGET = 11.0;
				MTL_ENABLE_DEBUG_INFO = NO;
				SDKROOT = iphoneos;
				SWIFT_OPTIMIZATION_LEVEL = "-Owholemodule";
				VALIDATE_PRODUCT = YES;
			};
			name = Release;
		};
		ECFCCAE8208E9E1900FD9EA6 /* Debug */ = {
			isa = XCBuildConfiguration;
			buildSettings = {
				ASSETCATALOG_COMPILER_APPICON_NAME = AppIcon;
				CODE_SIGN_STYLE = Automatic;
				DEVELOPMENT_TEAM = 2BULHRS882;
				INFOPLIST_FILE = Location1/Info.plist;
				LD_RUNPATH_SEARCH_PATHS = "$(inherited) @executable_path/Frameworks";
				PRODUCT_BUNDLE_IDENTIFIER = ca.centennialcollege.Location1;
				PRODUCT_NAME = "$(TARGET_NAME)";
				SWIFT_VERSION = 4.0;
				TARGETED_DEVICE_FAMILY = "1,2";
			};
			name = Debug;
		};
		ECFCCAE9208E9E1900FD9EA6 /* Release */ = {
			isa = XCBuildConfiguration;
			buildSettings = {
				ASSETCATALOG_COMPILER_APPICON_NAME = AppIcon;
				CODE_SIGN_STYLE = Automatic;
				DEVELOPMENT_TEAM = 2BULHRS882;
				INFOPLIST_FILE = Location1/Info.plist;
				LD_RUNPATH_SEARCH_PATHS = "$(inherited) @executable_path/Frameworks";
				PRODUCT_BUNDLE_IDENTIFIER = ca.centennialcollege.Location1;
				PRODUCT_NAME = "$(TARGET_NAME)";
				SWIFT_VERSION = 4.0;
				TARGETED_DEVICE_FAMILY = "1,2";
			};
			name = Release;
		};
/* End XCBuildConfiguration section */

/* Begin XCConfigurationList section */
		ECFCCAD0208E9E1800FD9EA6 /* Build configuration list for PBXProject "Location1" */ = {
			isa = XCConfigurationList;
			buildConfigurations = (
				ECFCCAE5208E9E1900FD9EA6 /* Debug */,
				ECFCCAE6208E9E1900FD9EA6 /* Release */,
			);
			defaultConfigurationIsVisible = 0;
			defaultConfigurationName = Release;
		};
		ECFCCAE7208E9E1900FD9EA6 /* Build configuration list for PBXNativeTarget "Location1" */ = {
			isa = XCConfigurationList;
			buildConfigurations = (
				ECFCCAE8208E9E1900FD9EA6 /* Debug */,
				ECFCCAE9208E9E1900FD9EA6 /* Release */,
			);
			defaultConfigurationIsVisible = 0;
			defaultConfigurationName = Release;
		};
/* End XCConfigurationList section */
	};
	rootObject = ECFCCACD208E9E1800FD9EA6 /* Project object */;
}
